
Microsoft Visual Studio Solution File, Format Version 12.00
# Visual Studio Version 16
VisualStudioVersion = 16.0.29709.97
MinimumVisualStudioVersion = 10.0.40219.1
Project("{9A19103F-16F7-4668-BE54-9A1E7A4F7556}") = "StreamCon.Core", "StreamCon.Core\StreamCon.Core.csproj", "{748D8B7F-2256-4507-993C-1152F0B31568}"
EndProject
Project("{FAE04EC0-301F-11D3-BF4B-00C04F79EFBC}") = "StreamCon.Apis", "StreamCon.Apis\StreamCon.Apis.csproj", "{3867AE60-FBE7-4314-96F5-FFD6673E5F66}"
EndProject
Project("{FAE04EC0-301F-11D3-BF4B-00C04F79EFBC}") = "StreamCon.DataGenerator", "StreamCon.DataGenerator\StreamCon.DataGenerator.csproj", "{B86BB7D7-CBDB-4D86-9829-CE64623A2C9C}"
EndProject
Project("{FAE04EC0-301F-11D3-BF4B-00C04F79EFBC}") = "StreamCon.Core.Tests", "StreamCon.Core.Tests\StreamCon.Core.Tests.csproj", "{9BD49A2C-8521-411D-8C10-CBFA9BEF5CF6}"
EndProject
Project("{FAE04EC0-301F-11D3-BF4B-00C04F79EFBC}") = "StreamCon.UI", "StreamCon.UI\StreamCon.UI.csproj", "{6D8A39E7-9A35-444C-9CA7-AFA48571F3F4}"
EndProject
Global
	GlobalSection(SolutionConfigurationPlatforms) = preSolution
		Debug|Any CPU = Debug|Any CPU
		Release|Any CPU = Release|Any CPU
	EndGlobalSection
	GlobalSection(ProjectConfigurationPlatforms) = postSolution
		{748D8B7F-2256-4507-993C-1152F0B31568}.Debug|Any CPU.ActiveCfg = Debug|Any CPU
		{748D8B7F-2256-4507-993C-1152F0B31568}.Debug|Any CPU.Build.0 = Debug|Any CPU
		{748D8B7F-2256-4507-993C-1152F0B31568}.Release|Any CPU.ActiveCfg = Release|Any CPU
		{748D8B7F-2256-4507-993C-1152F0B31568}.Release|Any CPU.Build.0 = Release|Any CPU
		{3867AE60-FBE7-4314-96F5-FFD6673E5F66}.Debug|Any CPU.ActiveCfg = Debug|Any CPU
		{3867AE60-FBE7-4314-96F5-FFD6673E5F66}.Debug|Any CPU.Build.0 = Debug|Any CPU
		{3867AE60-FBE7-4314-96F5-FFD6673E5F66}.Release|Any CPU.ActiveCfg = Release|Any CPU
		{3867AE60-FBE7-4314-96F5-FFD6673E5F66}.Release|Any CPU.Build.0 = Release|Any CPU
		{B86BB7D7-CBDB-4D86-9829-CE64623A2C9C}.Debug|Any CPU.ActiveCfg = Debug|Any CPU
		{B86BB7D7-CBDB-4D86-9829-CE64623A2C9C}.Debug|Any CPU.Build.0 = Debug|Any CPU
		{B86BB7D7-CBDB-4D86-9829-CE64623A2C9C}.Release|Any CPU.ActiveCfg = Release|Any CPU
		{B86BB7D7-CBDB-4D86-9829-CE64623A2C9C}.Release|Any CPU.Build.0 = Release|Any CPU
		{9BD49A2C-8521-411D-8C10-CBFA9BEF5CF6}.Debug|Any CPU.ActiveCfg = Debug|Any CPU
		{9BD49A2C-8521-411D-8C10-CBFA9BEF5CF6}.Debug|Any CPU.Build.0 = Debug|Any CPU
		{9BD49A2C-8521-411D-8C10-CBFA9BEF5CF6}.Release|Any CPU.ActiveCfg = Release|Any CPU
		{9BD49A2C-8521-411D-8C10-CBFA9BEF5CF6}.Release|Any CPU.Build.0 = Release|Any CPU
		{6D8A39E7-9A35-444C-9CA7-AFA48571F3F4}.Debug|Any CPU.ActiveCfg = Debug|Any CPU
		{6D8A39E7-9A35-444C-9CA7-AFA48571F3F4}.Debug|Any CPU.Build.0 = Debug|Any CPU
		{6D8A39E7-9A35-444C-9CA7-AFA48571F3F4}.Release|Any CPU.ActiveCfg = Release|Any CPU
		{6D8A39E7-9A35-444C-9CA7-AFA48571F3F4}.Release|Any CPU.Build.0 = Release|Any CPU
	EndGlobalSection
	GlobalSection(SolutionProperties) = preSolution
		HideSolutionNode = FALSE
	EndGlobalSection
	GlobalSection(ExtensibilityGlobals) = postSolution
		SolutionGuid = {30B5E35C-FF6D-41B3-A20E-3C4AEFE94329}
	EndGlobalSection
EndGlobal
